
Microsoft Visual Studio Solution File, Format Version 12.00
# Visual Studio Version 16
VisualStudioVersion = 16.0.30011.22
MinimumVisualStudioVersion = 10.0.40219.1
Project("{FAE04EC0-301F-11D3-BF4B-00C04F79EFBC}") = "WebApplication2", "WebApplication2\WebApplication2.csproj", "{AE054673-AA8C-44DA-8FD3-46A714CB2BF7}"
EndProject
Global
	GlobalSection(SolutionConfigurationPlatforms) = preSolution
		Debug|Any CPU = Debug|Any CPU
		Release|Any CPU = Release|Any CPU
	EndGlobalSection
	GlobalSection(ProjectConfigurationPlatforms) = postSolution
		{AE054673-AA8C-44DA-8FD3-46A714CB2BF7}.Debug|Any CPU.ActiveCfg = Debug|Any CPU
		{AE054673-AA8C-44DA-8FD3-46A714CB2BF7}.Debug|Any CPU.Build.0 = Debug|Any CPU
		{AE054673-AA8C-44DA-8FD3-46A714CB2BF7}.Release|Any CPU.ActiveCfg = Release|Any CPU
		{AE054673-AA8C-44DA-8FD3-46A714CB2BF7}.Release|Any CPU.Build.0 = Release|Any CPU
	EndGlobalSection
	GlobalSection(SolutionProperties) = preSolution
		HideSolutionNode = FALSE
	EndGlobalSection
	GlobalSection(ExtensibilityGlobals) = postSolution
		SolutionGuid = {CE289A94-AF79-4F6B-8181-E2A9DE21A996}
	EndGlobalSection
EndGlobal
